
Microsoft Visual Studio Solution File, Format Version 12.00
# Visual Studio Version 16
VisualStudioVersion = 16.0.30709.64
MinimumVisualStudioVersion = 10.0.40219.1
Project("{9A19103F-16F7-4668-BE54-9A1E7A4F7556}") = "TriangleChecker", "TriangleChecker\TriangleChecker.csproj", "{539E4910-2A91-4C92-8395-2C89352AEE24}"
EndProject
Project("{FAE04EC0-301F-11D3-BF4B-00C04F79EFBC}") = "TriangleCheckerXUnitTest", "TriangleCheckerXUnitTest\TriangleCheckerXUnitTest.csproj", "{1A55ADD9-7FA7-483F-8EAA-CC42ED141392}"
EndProject
Global
	GlobalSection(SolutionConfigurationPlatforms) = preSolution
		Debug|Any CPU = Debug|Any CPU
		Release|Any CPU = Release|Any CPU
	EndGlobalSection
	GlobalSection(ProjectConfigurationPlatforms) = postSolution
		{539E4910-2A91-4C92-8395-2C89352AEE24}.Debug|Any CPU.ActiveCfg = Debug|Any CPU
		{539E4910-2A91-4C92-8395-2C89352AEE24}.Debug|Any CPU.Build.0 = Debug|Any CPU
		{539E4910-2A91-4C92-8395-2C89352AEE24}.Release|Any CPU.ActiveCfg = Release|Any CPU
		{539E4910-2A91-4C92-8395-2C89352AEE24}.Release|Any CPU.Build.0 = Release|Any CPU
		{1A55ADD9-7FA7-483F-8EAA-CC42ED141392}.Debug|Any CPU.ActiveCfg = Debug|Any CPU
		{1A55ADD9-7FA7-483F-8EAA-CC42ED141392}.Debug|Any CPU.Build.0 = Debug|Any CPU
		{1A55ADD9-7FA7-483F-8EAA-CC42ED141392}.Release|Any CPU.ActiveCfg = Release|Any CPU
		{1A55ADD9-7FA7-483F-8EAA-CC42ED141392}.Release|Any CPU.Build.0 = Release|Any CPU
	EndGlobalSection
	GlobalSection(SolutionProperties) = preSolution
		HideSolutionNode = FALSE
	EndGlobalSection
	GlobalSection(ExtensibilityGlobals) = postSolution
		SolutionGuid = {BFD8A2B5-CF0E-42A3-8494-E5F47333D1EC}
	EndGlobalSection
EndGlobal
